
Microsoft Visual Studio Solution File, Format Version 12.00
# Visual Studio Version 17
VisualStudioVersion = 17.14.36429.23
MinimumVisualStudioVersion = 10.0.40219.1
Project("{FAE04EC0-301F-11D3-BF4B-00C04F79EFBC}") = "Cau1", "Cau1\Cau1.csproj", "{EA0CE8FA-940D-4F11-BB4F-0059EA3593CA}"
Project("{FAE04EC0-301F-11D3-BF4B-00C04F79EFBC}") = "Cau3", "Cau3\Cau3.csproj", "{5A819854-0AFA-4084-9D4B-BE18AED87110}"
EndProject
Global
	GlobalSection(SolutionConfigurationPlatforms) = preSolution
		Debug|Any CPU = Debug|Any CPU
		Release|Any CPU = Release|Any CPU
	EndGlobalSection
	GlobalSection(ProjectConfigurationPlatforms) = postSolution
		{EA0CE8FA-940D-4F11-BB4F-0059EA3593CA}.Debug|Any CPU.ActiveCfg = Debug|Any CPU
		{EA0CE8FA-940D-4F11-BB4F-0059EA3593CA}.Debug|Any CPU.Build.0 = Debug|Any CPU
		{EA0CE8FA-940D-4F11-BB4F-0059EA3593CA}.Release|Any CPU.ActiveCfg = Release|Any CPU
		{EA0CE8FA-940D-4F11-BB4F-0059EA3593CA}.Release|Any CPU.Build.0 = Release|Any CPU
	EndGlobalSection
	GlobalSection(SolutionProperties) = preSolution
		HideSolutionNode = FALSE
	EndGlobalSection
	GlobalSection(ExtensibilityGlobals) = postSolution
		SolutionGuid = {1CADBE50-2FF6-4F3D-A2AF-62ED4EA5FE22}
	EndGlobalSection
EndGlobal
